
Microsoft Visual Studio Solution File, Format Version 12.00
# Visual Studio Version 17
VisualStudioVersion = 17.8.34309.116
MinimumVisualStudioVersion = 10.0.40219.1
Project("{FAE04EC0-301F-11D3-BF4B-00C04F79EFBC}") = "RecipeApi", "RecipeApi.csproj", "{74E47BE6-4132-494F-A6FC-A6DA697570AD}"
EndProject
Project("{FAE04EC0-301F-11D3-BF4B-00C04F79EFBC}") = "RecipeApi.Tests", "RecipeApi.Tests\RecipeApi.Tests.csproj", "{075F7948-FC6E-473A-B25B-347B2712F36E}"
EndProject
Global
	GlobalSection(SolutionConfigurationPlatforms) = preSolution
		Debug|Any CPU = Debug|Any CPU
		Release|Any CPU = Release|Any CPU
	EndGlobalSection
	GlobalSection(ProjectConfigurationPlatforms) = postSolution
		{74E47BE6-4132-494F-A6FC-A6DA697570AD}.Debug|Any CPU.ActiveCfg = Debug|Any CPU
		{74E47BE6-4132-494F-A6FC-A6DA697570AD}.Debug|Any CPU.Build.0 = Debug|Any CPU
		{74E47BE6-4132-494F-A6FC-A6DA697570AD}.Release|Any CPU.ActiveCfg = Release|Any CPU
		{74E47BE6-4132-494F-A6FC-A6DA697570AD}.Release|Any CPU.Build.0 = Release|Any CPU
		{075F7948-FC6E-473A-B25B-347B2712F36E}.Debug|Any CPU.ActiveCfg = Debug|Any CPU
		{075F7948-FC6E-473A-B25B-347B2712F36E}.Debug|Any CPU.Build.0 = Debug|Any CPU
		{075F7948-FC6E-473A-B25B-347B2712F36E}.Release|Any CPU.ActiveCfg = Release|Any CPU
		{075F7948-FC6E-473A-B25B-347B2712F36E}.Release|Any CPU.Build.0 = Release|Any CPU
	EndGlobalSection
	GlobalSection(SolutionProperties) = preSolution
		HideSolutionNode = FALSE
	EndGlobalSection
EndGlobal
